
Microsoft Visual Studio Solution File, Format Version 12.00
# Visual Studio Version 17
VisualStudioVersion = 17.9.34622.214
MinimumVisualStudioVersion = 10.0.40219.1
Project("{FAE04EC0-301F-11D3-BF4B-00C04F79EFBC}") = "CafeManagementSystem", "CafeManagementSystem\CafeManagementSystem.csproj", "{89EE7BD6-754E-461D-9304-80A13468DC5B}"
EndProject
Global
	GlobalSection(SolutionConfigurationPlatforms) = preSolution
		Debug|Any CPU = Debug|Any CPU
		Release|Any CPU = Release|Any CPU
	EndGlobalSection
	GlobalSection(ProjectConfigurationPlatforms) = postSolution
		{89EE7BD6-754E-461D-9304-80A13468DC5B}.Debug|Any CPU.ActiveCfg = Debug|Any CPU
		{89EE7BD6-754E-461D-9304-80A13468DC5B}.Debug|Any CPU.Build.0 = Debug|Any CPU
		{89EE7BD6-754E-461D-9304-80A13468DC5B}.Release|Any CPU.ActiveCfg = Release|Any CPU
		{89EE7BD6-754E-461D-9304-80A13468DC5B}.Release|Any CPU.Build.0 = Release|Any CPU
	EndGlobalSection
	GlobalSection(SolutionProperties) = preSolution
		HideSolutionNode = FALSE
	EndGlobalSection
	GlobalSection(ExtensibilityGlobals) = postSolution
		SolutionGuid = {0E8EE5C8-3A15-46C6-A121-86CCA3645B05}
	EndGlobalSection
EndGlobal
