
Microsoft Visual Studio Solution File, Format Version 12.00
# Visual Studio Version 17
VisualStudioVersion = 17.9.34622.214
MinimumVisualStudioVersion = 10.0.40219.1
Project("{FAE04EC0-301F-11D3-BF4B-00C04F79EFBC}") = "ShopManagementSystem", "ShopManagementSystem\ShopManagementSystem.csproj", "{94BE1031-EA21-4BD8-BC13-88219BAB2421}"
EndProject
Global
	GlobalSection(SolutionConfigurationPlatforms) = preSolution
		Debug|Any CPU = Debug|Any CPU
		Release|Any CPU = Release|Any CPU
	EndGlobalSection
	GlobalSection(ProjectConfigurationPlatforms) = postSolution
		{94BE1031-EA21-4BD8-BC13-88219BAB2421}.Debug|Any CPU.ActiveCfg = Debug|Any CPU
		{94BE1031-EA21-4BD8-BC13-88219BAB2421}.Debug|Any CPU.Build.0 = Debug|Any CPU
		{94BE1031-EA21-4BD8-BC13-88219BAB2421}.Release|Any CPU.ActiveCfg = Release|Any CPU
		{94BE1031-EA21-4BD8-BC13-88219BAB2421}.Release|Any CPU.Build.0 = Release|Any CPU
	EndGlobalSection
	GlobalSection(SolutionProperties) = preSolution
		HideSolutionNode = FALSE
	EndGlobalSection
	GlobalSection(ExtensibilityGlobals) = postSolution
		SolutionGuid = {4B2B0AE8-2A23-4BED-AAF5-173EDB9EB035}
	EndGlobalSection
EndGlobal
